// !$*UTF8*$!
{
	archiveVersion = 1;
	classes = {
	};
	objectVersion = 52;
	objects = {

/* Begin PBXBuildFile section */
		245C5E92D814A2394E7B93D8 /* Pods_Slate_iOS__iOS_.framework in Frameworks */ = {isa = PBXBuildFile; fileRef = 4EB8ACE22489270AD99037D9 /* Pods_Slate_iOS__iOS_.framework */; };
		B435675525DB5BD400704B8F /* Upload.swift in Sources */ = {isa = PBXBuildFile; fileRef = B435675425DB5BD400704B8F /* Upload.swift */; };
		B435675B25DC6ADF00704B8F /* Activity.swift in Sources */ = {isa = PBXBuildFile; fileRef = B435675A25DC6ADF00704B8F /* Activity.swift */; };
		B435678425E5E69E00704B8F /* DocumentPickerView.swift in Sources */ = {isa = PBXBuildFile; fileRef = B435678325E5E69E00704B8F /* DocumentPickerView.swift */; };
		B435678825E60F4E00704B8F /* CustomScrollView.swift in Sources */ = {isa = PBXBuildFile; fileRef = B435678725E60F4E00704B8F /* CustomScrollView.swift */; };
		B435678C25E86C0D00704B8F /* Uploads.swift in Sources */ = {isa = PBXBuildFile; fileRef = B435678B25E86C0C00704B8F /* Uploads.swift */; };
		B43665AD25BA395C00C3AEBD /* Slate_iOSApp.swift in Sources */ = {isa = PBXBuildFile; fileRef = B436659A25BA395900C3AEBD /* Slate_iOSApp.swift */; };
		B43665AE25BA395C00C3AEBD /* Slate_iOSApp.swift in Sources */ = {isa = PBXBuildFile; fileRef = B436659A25BA395900C3AEBD /* Slate_iOSApp.swift */; };
		B43665AF25BA395C00C3AEBD /* ContentView.swift in Sources */ = {isa = PBXBuildFile; fileRef = B436659B25BA395900C3AEBD /* ContentView.swift */; };
		B43665B025BA395C00C3AEBD /* ContentView.swift in Sources */ = {isa = PBXBuildFile; fileRef = B436659B25BA395900C3AEBD /* ContentView.swift */; };
		B43665B125BA395C00C3AEBD /* Assets.xcassets in Resources */ = {isa = PBXBuildFile; fileRef = B436659C25BA395C00C3AEBD /* Assets.xcassets */; };
		B43665B225BA395C00C3AEBD /* Assets.xcassets in Resources */ = {isa = PBXBuildFile; fileRef = B436659C25BA395C00C3AEBD /* Assets.xcassets */; };
		B43665C825BA416500C3AEBD /* SignInView.swift in Sources */ = {isa = PBXBuildFile; fileRef = B43665C725BA416500C3AEBD /* SignInView.swift */; };
		B43665CC25BA4BC500C3AEBD /* Colors.xcassets in Resources */ = {isa = PBXBuildFile; fileRef = B43665CB25BA4BC500C3AEBD /* Colors.xcassets */; };
		B43665DC25BA534200C3AEBD /* ComponentStyles.swift in Sources */ = {isa = PBXBuildFile; fileRef = B43665DB25BA534200C3AEBD /* ComponentStyles.swift */; };
		B43665E025BA537B00C3AEBD /* Constants.swift in Sources */ = {isa = PBXBuildFile; fileRef = B43665DF25BA537B00C3AEBD /* Constants.swift */; };
		B43665E425BA55D200C3AEBD /* Inter.ttf in Resources */ = {isa = PBXBuildFile; fileRef = B43665E325BA54D600C3AEBD /* Inter.ttf */; };
		B43665E725BA55D300C3AEBD /* Inter.ttf in Resources */ = {isa = PBXBuildFile; fileRef = B43665E325BA54D600C3AEBD /* Inter.ttf */; };
		B43665EB25BA574200C3AEBD /* ButtonView.swift in Sources */ = {isa = PBXBuildFile; fileRef = B43665EA25BA574200C3AEBD /* ButtonView.swift */; };
		B43665EF25BA64E200C3AEBD /* InputView.swift in Sources */ = {isa = PBXBuildFile; fileRef = B43665EE25BA64E200C3AEBD /* InputView.swift */; };
		B43665F325BB663D00C3AEBD /* Strings.swift in Sources */ = {isa = PBXBuildFile; fileRef = B43665F225BB663C00C3AEBD /* Strings.swift */; };
		B43665F725BB883000C3AEBD /* SignInView.swift in Sources */ = {isa = PBXBuildFile; fileRef = B43665C725BA416500C3AEBD /* SignInView.swift */; };
		B43665FC25BB884F00C3AEBD /* Helpers.swift in Sources */ = {isa = PBXBuildFile; fileRef = B43665FB25BB884F00C3AEBD /* Helpers.swift */; };
		B436660A25BB979C00C3AEBD /* AlertMessage.swift in Sources */ = {isa = PBXBuildFile; fileRef = B436660925BB979C00C3AEBD /* AlertMessage.swift */; };
		B436660E25BB98E100C3AEBD /* Validations.swift in Sources */ = {isa = PBXBuildFile; fileRef = B436660D25BB98E100C3AEBD /* Validations.swift */; };
		B436661225BB9C6100C3AEBD /* CheckBoxView.swift in Sources */ = {isa = PBXBuildFile; fileRef = B436661125BB9C6100C3AEBD /* CheckBoxView.swift */; };
		B436661625BBB5D100C3AEBD /* Actions.swift in Sources */ = {isa = PBXBuildFile; fileRef = B436661525BBB5D000C3AEBD /* Actions.swift */; };
		B4410EE325BF6C9F00030284 /* SwiftyJSON in Frameworks */ = {isa = PBXBuildFile; productRef = B4410EE225BF6C9F00030284 /* SwiftyJSON */; };
		B4410EE725BF767900030284 /* Environment.swift in Sources */ = {isa = PBXBuildFile; fileRef = B4410EE625BF767900030284 /* Environment.swift */; };
		B4410EEB25BF9F6900030284 /* Navigation.swift in Sources */ = {isa = PBXBuildFile; fileRef = B4410EEA25BF9F6900030284 /* Navigation.swift */; };
		B4410EEF25BFA20900030284 /* DataView.swift in Sources */ = {isa = PBXBuildFile; fileRef = B4410EEE25BFA20900030284 /* DataView.swift */; };
		B4410EF325BFA5DF00030284 /* Errors.swift in Sources */ = {isa = PBXBuildFile; fileRef = B4410EF225BFA5DF00030284 /* Errors.swift */; };
		B4410EF725BFACF500030284 /* User.swift in Sources */ = {isa = PBXBuildFile; fileRef = B4410EF625BFACF500030284 /* User.swift */; };
		B4593CE325C351BF00345013 /* Slate.swift in Sources */ = {isa = PBXBuildFile; fileRef = B4593CE225C351BF00345013 /* Slate.swift */; };
		B4593CE725C3A33600345013 /* MediaPreviewView.swift in Sources */ = {isa = PBXBuildFile; fileRef = B4593CE625C3A33600345013 /* MediaPreviewView.swift */; };
		B4593CEB25C3A84800345013 /* ImageView.swift in Sources */ = {isa = PBXBuildFile; fileRef = B4593CEA25C3A84800345013 /* ImageView.swift */; };
		B4593CF325C3AC9D00345013 /* Utilities.swift in Sources */ = {isa = PBXBuildFile; fileRef = B4593CF225C3AC9C00345013 /* Utilities.swift */; };
		B48AE2A925C4CC3D006FA245 /* SlatesView.swift in Sources */ = {isa = PBXBuildFile; fileRef = B48AE2A825C4CC3D006FA245 /* SlatesView.swift */; };
		B48AE2AD25C4CCB6006FA245 /* ActivityView.swift in Sources */ = {isa = PBXBuildFile; fileRef = B48AE2AC25C4CCB6006FA245 /* ActivityView.swift */; };
		B48AE2B125C4CCC7006FA245 /* UserView.swift in Sources */ = {isa = PBXBuildFile; fileRef = B48AE2B025C4CCC7006FA245 /* UserView.swift */; };
		B48AE2B525C4CCD5006FA245 /* FilecoinView.swift in Sources */ = {isa = PBXBuildFile; fileRef = B48AE2B425C4CCD5006FA245 /* FilecoinView.swift */; };
		B48AE2C225C4E4C6006FA245 /* Blur.swift in Sources */ = {isa = PBXBuildFile; fileRef = B48AE2C125C4E4C6006FA245 /* Blur.swift */; };
		B48AE2C625C4EB73006FA245 /* TranslucentButtonView.swift in Sources */ = {isa = PBXBuildFile; fileRef = B48AE2C525C4EB73006FA245 /* TranslucentButtonView.swift */; };
		B48AE2CA25C4FBD9006FA245 /* PageOverlayView.swift in Sources */ = {isa = PBXBuildFile; fileRef = B48AE2C925C4FBD9006FA245 /* PageOverlayView.swift */; };
		B48AE2CE25C51029006FA245 /* SlatePreviewView.swift in Sources */ = {isa = PBXBuildFile; fileRef = B48AE2CD25C51029006FA245 /* SlatePreviewView.swift */; };
		B48AE2D225C54675006FA245 /* SlateView.swift in Sources */ = {isa = PBXBuildFile; fileRef = B48AE2D125C54675006FA245 /* SlateView.swift */; };
		B48AE2D625C8BE56006FA245 /* FiletypeIconView.swift in Sources */ = {isa = PBXBuildFile; fileRef = B48AE2D525C8BE56006FA245 /* FiletypeIconView.swift */; };
		B48AE35425CB6923006FA245 /* TextBoxView.swift in Sources */ = {isa = PBXBuildFile; fileRef = B48AE35325CB6923006FA245 /* TextBoxView.swift */; };
		B48AE35825CB8969006FA245 /* NavigationBarView.swift in Sources */ = {isa = PBXBuildFile; fileRef = B48AE35725CB8969006FA245 /* NavigationBarView.swift */; };
		B48AE36125CF372C006FA245 /* ProfileView.swift in Sources */ = {isa = PBXBuildFile; fileRef = B48AE36025CF372B006FA245 /* ProfileView.swift */; };
		B48AE36525CF3A85006FA245 /* TabGroupView.swift in Sources */ = {isa = PBXBuildFile; fileRef = B48AE36425CF3A85006FA245 /* TabGroupView.swift */; };
		B48AE36925CF7509006FA245 /* EmptyStateView.swift in Sources */ = {isa = PBXBuildFile; fileRef = B48AE36825CF7509006FA245 /* EmptyStateView.swift */; };
		B48AE36D25CF899C006FA245 /* LoaderView.swift in Sources */ = {isa = PBXBuildFile; fileRef = B48AE36C25CF899C006FA245 /* LoaderView.swift */; };
		B48AE38125D32DC1006FA245 /* ProfilePeersView.swift in Sources */ = {isa = PBXBuildFile; fileRef = B48AE38025D32DC1006FA245 /* ProfilePeersView.swift */; };
		B48AE38625D35C9C006FA245 /* Starscream in Frameworks */ = {isa = PBXBuildFile; productRef = B48AE38525D35C9C006FA245 /* Starscream */; };
		B48AE38A25D35CBD006FA245 /* Websocket.swift in Sources */ = {isa = PBXBuildFile; fileRef = B48AE38925D35CBD006FA245 /* Websocket.swift */; };
		B48AE3AA25D47D05006FA245 /* SlateCreateEditView.swift in Sources */ = {isa = PBXBuildFile; fileRef = B48AE3A925D47D04006FA245 /* SlateCreateEditView.swift */; };
		B48AE3AE25D47E35006FA245 /* ToggleView.swift in Sources */ = {isa = PBXBuildFile; fileRef = B48AE3AD25D47E35006FA245 /* ToggleView.swift */; };
		B48AE3B225D49E7D006FA245 /* RadioButtonView.swift in Sources */ = {isa = PBXBuildFile; fileRef = B48AE3B125D49E7D006FA245 /* RadioButtonView.swift */; };
		B48AE3B625D4A71D006FA245 /* TooltipView.swift in Sources */ = {isa = PBXBuildFile; fileRef = B48AE3B525D4A71D006FA245 /* TooltipView.swift */; };
		B491873125D62AA800859B76 /* AssetsPickerView.swift in Sources */ = {isa = PBXBuildFile; fileRef = B491873025D62AA800859B76 /* AssetsPickerView.swift */; };
		B491873525D63E7700859B76 /* CarouselView.swift in Sources */ = {isa = PBXBuildFile; fileRef = B491873425D63E7700859B76 /* CarouselView.swift */; };
		C36D80E2C72A9E04B0FF2DB0 /* Pods_Slate_iOS__macOS_.framework in Frameworks */ = {isa = PBXBuildFile; fileRef = DED2468AD54078F8B449536E /* Pods_Slate_iOS__macOS_.framework */; };
/* End PBXBuildFile section */

/* Begin PBXFileReference section */
		4EB8ACE22489270AD99037D9 /* Pods_Slate_iOS__iOS_.framework */ = {isa = PBXFileReference; explicitFileType = wrapper.framework; includeInIndex = 0; path = Pods_Slate_iOS__iOS_.framework; sourceTree = BUILT_PRODUCTS_DIR; };
		613FD322DB7FFC6A875BED29 /* Pods-Slate iOS (iOS).debug.xcconfig */ = {isa = PBXFileReference; includeInIndex = 1; lastKnownFileType = text.xcconfig; name = "Pods-Slate iOS (iOS).debug.xcconfig"; path = "Target Support Files/Pods-Slate iOS (iOS)/Pods-Slate iOS (iOS).debug.xcconfig"; sourceTree = "<group>"; };
		8CA50FCFFC7EA72467D58F47 /* Pods-Slate iOS (iOS).release.xcconfig */ = {isa = PBXFileReference; includeInIndex = 1; lastKnownFileType = text.xcconfig; name = "Pods-Slate iOS (iOS).release.xcconfig"; path = "Target Support Files/Pods-Slate iOS (iOS)/Pods-Slate iOS (iOS).release.xcconfig"; sourceTree = "<group>"; };
		9EA0B74C5F9E873B1FE07341 /* Pods-Slate iOS (macOS).debug.xcconfig */ = {isa = PBXFileReference; includeInIndex = 1; lastKnownFileType = text.xcconfig; name = "Pods-Slate iOS (macOS).debug.xcconfig"; path = "Target Support Files/Pods-Slate iOS (macOS)/Pods-Slate iOS (macOS).debug.xcconfig"; sourceTree = "<group>"; };
		B435675425DB5BD400704B8F /* Upload.swift */ = {isa = PBXFileReference; lastKnownFileType = sourcecode.swift; path = Upload.swift; sourceTree = "<group>"; };
		B435675A25DC6ADF00704B8F /* Activity.swift */ = {isa = PBXFileReference; lastKnownFileType = sourcecode.swift; path = Activity.swift; sourceTree = "<group>"; };
		B435678325E5E69E00704B8F /* DocumentPickerView.swift */ = {isa = PBXFileReference; lastKnownFileType = sourcecode.swift; path = DocumentPickerView.swift; sourceTree = "<group>"; };
		B435678725E60F4E00704B8F /* CustomScrollView.swift */ = {isa = PBXFileReference; lastKnownFileType = sourcecode.swift; path = CustomScrollView.swift; sourceTree = "<group>"; };
		B435678B25E86C0C00704B8F /* Uploads.swift */ = {isa = PBXFileReference; lastKnownFileType = sourcecode.swift; path = Uploads.swift; sourceTree = "<group>"; };
		B436659A25BA395900C3AEBD /* Slate_iOSApp.swift */ = {isa = PBXFileReference; lastKnownFileType = sourcecode.swift; path = Slate_iOSApp.swift; sourceTree = "<group>"; };
		B436659B25BA395900C3AEBD /* ContentView.swift */ = {isa = PBXFileReference; lastKnownFileType = sourcecode.swift; path = ContentView.swift; sourceTree = "<group>"; };
		B436659C25BA395C00C3AEBD /* Assets.xcassets */ = {isa = PBXFileReference; lastKnownFileType = folder.assetcatalog; path = Assets.xcassets; sourceTree = "<group>"; };
		B43665A125BA395C00C3AEBD /* Slate iOS.app */ = {isa = PBXFileReference; explicitFileType = wrapper.application; includeInIndex = 0; path = "Slate iOS.app"; sourceTree = BUILT_PRODUCTS_DIR; };
		B43665A425BA395C00C3AEBD /* Info.plist */ = {isa = PBXFileReference; lastKnownFileType = text.plist.xml; path = Info.plist; sourceTree = "<group>"; };
		B43665A925BA395C00C3AEBD /* Slate iOS.app */ = {isa = PBXFileReference; explicitFileType = wrapper.application; includeInIndex = 0; path = "Slate iOS.app"; sourceTree = BUILT_PRODUCTS_DIR; };
		B43665AB25BA395C00C3AEBD /* Info.plist */ = {isa = PBXFileReference; lastKnownFileType = text.plist.xml; path = Info.plist; sourceTree = "<group>"; };
		B43665AC25BA395C00C3AEBD /* macOS.entitlements */ = {isa = PBXFileReference; lastKnownFileType = text.plist.entitlements; path = macOS.entitlements; sourceTree = "<group>"; };
		B43665C725BA416500C3AEBD /* SignInView.swift */ = {isa = PBXFileReference; lastKnownFileType = sourcecode.swift; path = SignInView.swift; sourceTree = "<group>"; };
		B43665CB25BA4BC500C3AEBD /* Colors.xcassets */ = {isa = PBXFileReference; lastKnownFileType = folder.assetcatalog; path = Colors.xcassets; sourceTree = "<group>"; };
		B43665DB25BA534200C3AEBD /* ComponentStyles.swift */ = {isa = PBXFileReference; lastKnownFileType = sourcecode.swift; path = ComponentStyles.swift; sourceTree = "<group>"; };
		B43665DF25BA537B00C3AEBD /* Constants.swift */ = {isa = PBXFileReference; lastKnownFileType = sourcecode.swift; path = Constants.swift; sourceTree = "<group>"; };
		B43665E325BA54D600C3AEBD /* Inter.ttf */ = {isa = PBXFileReference; lastKnownFileType = file; path = Inter.ttf; sourceTree = "<group>"; };
		B43665EA25BA574200C3AEBD /* ButtonView.swift */ = {isa = PBXFileReference; lastKnownFileType = sourcecode.swift; path = ButtonView.swift; sourceTree = "<group>"; };
		B43665EE25BA64E200C3AEBD /* InputView.swift */ = {isa = PBXFileReference; lastKnownFileType = sourcecode.swift; path = InputView.swift; sourceTree = "<group>"; };
		B43665F225BB663C00C3AEBD /* Strings.swift */ = {isa = PBXFileReference; lastKnownFileType = sourcecode.swift; path = Strings.swift; sourceTree = "<group>"; };
		B43665FB25BB884F00C3AEBD /* Helpers.swift */ = {isa = PBXFileReference; lastKnownFileType = sourcecode.swift; path = Helpers.swift; sourceTree = "<group>"; };
		B436660925BB979C00C3AEBD /* AlertMessage.swift */ = {isa = PBXFileReference; lastKnownFileType = sourcecode.swift; path = AlertMessage.swift; sourceTree = "<group>"; };
		B436660D25BB98E100C3AEBD /* Validations.swift */ = {isa = PBXFileReference; lastKnownFileType = sourcecode.swift; path = Validations.swift; sourceTree = "<group>"; };
		B436661125BB9C6100C3AEBD /* CheckBoxView.swift */ = {isa = PBXFileReference; lastKnownFileType = sourcecode.swift; path = CheckBoxView.swift; sourceTree = "<group>"; };
		B436661525BBB5D000C3AEBD /* Actions.swift */ = {isa = PBXFileReference; lastKnownFileType = sourcecode.swift; path = Actions.swift; sourceTree = "<group>"; };
		B4410EE625BF767900030284 /* Environment.swift */ = {isa = PBXFileReference; lastKnownFileType = sourcecode.swift; path = Environment.swift; sourceTree = "<group>"; };
		B4410EEA25BF9F6900030284 /* Navigation.swift */ = {isa = PBXFileReference; lastKnownFileType = sourcecode.swift; path = Navigation.swift; sourceTree = "<group>"; };
		B4410EEE25BFA20900030284 /* DataView.swift */ = {isa = PBXFileReference; lastKnownFileType = sourcecode.swift; path = DataView.swift; sourceTree = "<group>"; };
		B4410EF225BFA5DF00030284 /* Errors.swift */ = {isa = PBXFileReference; lastKnownFileType = sourcecode.swift; path = Errors.swift; sourceTree = "<group>"; };
		B4410EF625BFACF500030284 /* User.swift */ = {isa = PBXFileReference; lastKnownFileType = sourcecode.swift; path = User.swift; sourceTree = "<group>"; };
		B4593CE225C351BF00345013 /* Slate.swift */ = {isa = PBXFileReference; lastKnownFileType = sourcecode.swift; path = Slate.swift; sourceTree = "<group>"; };
		B4593CE625C3A33600345013 /* MediaPreviewView.swift */ = {isa = PBXFileReference; lastKnownFileType = sourcecode.swift; path = MediaPreviewView.swift; sourceTree = "<group>"; };
		B4593CEA25C3A84800345013 /* ImageView.swift */ = {isa = PBXFileReference; lastKnownFileType = sourcecode.swift; path = ImageView.swift; sourceTree = "<group>"; };
		B4593CF225C3AC9C00345013 /* Utilities.swift */ = {isa = PBXFileReference; lastKnownFileType = sourcecode.swift; path = Utilities.swift; sourceTree = "<group>"; };
		B48AE2A825C4CC3D006FA245 /* SlatesView.swift */ = {isa = PBXFileReference; lastKnownFileType = sourcecode.swift; path = SlatesView.swift; sourceTree = "<group>"; };
		B48AE2AC25C4CCB6006FA245 /* ActivityView.swift */ = {isa = PBXFileReference; lastKnownFileType = sourcecode.swift; path = ActivityView.swift; sourceTree = "<group>"; };
		B48AE2B025C4CCC7006FA245 /* UserView.swift */ = {isa = PBXFileReference; lastKnownFileType = sourcecode.swift; path = UserView.swift; sourceTree = "<group>"; };
		B48AE2B425C4CCD5006FA245 /* FilecoinView.swift */ = {isa = PBXFileReference; lastKnownFileType = sourcecode.swift; path = FilecoinView.swift; sourceTree = "<group>"; };
		B48AE2C125C4E4C6006FA245 /* Blur.swift */ = {isa = PBXFileReference; lastKnownFileType = sourcecode.swift; path = Blur.swift; sourceTree = "<group>"; };
		B48AE2C525C4EB73006FA245 /* TranslucentButtonView.swift */ = {isa = PBXFileReference; lastKnownFileType = sourcecode.swift; path = TranslucentButtonView.swift; sourceTree = "<group>"; };
		B48AE2C925C4FBD9006FA245 /* PageOverlayView.swift */ = {isa = PBXFileReference; lastKnownFileType = sourcecode.swift; path = PageOverlayView.swift; sourceTree = "<group>"; };
		B48AE2CD25C51029006FA245 /* SlatePreviewView.swift */ = {isa = PBXFileReference; lastKnownFileType = sourcecode.swift; path = SlatePreviewView.swift; sourceTree = "<group>"; };
		B48AE2D125C54675006FA245 /* SlateView.swift */ = {isa = PBXFileReference; lastKnownFileType = sourcecode.swift; path = SlateView.swift; sourceTree = "<group>"; };
		B48AE2D525C8BE56006FA245 /* FiletypeIconView.swift */ = {isa = PBXFileReference; lastKnownFileType = sourcecode.swift; path = FiletypeIconView.swift; sourceTree = "<group>"; };
		B48AE35325CB6923006FA245 /* TextBoxView.swift */ = {isa = PBXFileReference; lastKnownFileType = sourcecode.swift; path = TextBoxView.swift; sourceTree = "<group>"; };
		B48AE35725CB8969006FA245 /* NavigationBarView.swift */ = {isa = PBXFileReference; lastKnownFileType = sourcecode.swift; path = NavigationBarView.swift; sourceTree = "<group>"; };
		B48AE36025CF372B006FA245 /* ProfileView.swift */ = {isa = PBXFileReference; lastKnownFileType = sourcecode.swift; path = ProfileView.swift; sourceTree = "<group>"; };
		B48AE36425CF3A85006FA245 /* TabGroupView.swift */ = {isa = PBXFileReference; lastKnownFileType = sourcecode.swift; path = TabGroupView.swift; sourceTree = "<group>"; };
		B48AE36825CF7509006FA245 /* EmptyStateView.swift */ = {isa = PBXFileReference; lastKnownFileType = sourcecode.swift; path = EmptyStateView.swift; sourceTree = "<group>"; };
		B48AE36C25CF899C006FA245 /* LoaderView.swift */ = {isa = PBXFileReference; lastKnownFileType = sourcecode.swift; path = LoaderView.swift; sourceTree = "<group>"; };
		B48AE38025D32DC1006FA245 /* ProfilePeersView.swift */ = {isa = PBXFileReference; lastKnownFileType = sourcecode.swift; path = ProfilePeersView.swift; sourceTree = "<group>"; };
		B48AE38925D35CBD006FA245 /* Websocket.swift */ = {isa = PBXFileReference; lastKnownFileType = sourcecode.swift; path = Websocket.swift; sourceTree = "<group>"; };
		B48AE3A925D47D04006FA245 /* SlateCreateEditView.swift */ = {isa = PBXFileReference; lastKnownFileType = sourcecode.swift; path = SlateCreateEditView.swift; sourceTree = "<group>"; };
		B48AE3AD25D47E35006FA245 /* ToggleView.swift */ = {isa = PBXFileReference; lastKnownFileType = sourcecode.swift; path = ToggleView.swift; sourceTree = "<group>"; };
		B48AE3B125D49E7D006FA245 /* RadioButtonView.swift */ = {isa = PBXFileReference; lastKnownFileType = sourcecode.swift; path = RadioButtonView.swift; sourceTree = "<group>"; };
		B48AE3B525D4A71D006FA245 /* TooltipView.swift */ = {isa = PBXFileReference; lastKnownFileType = sourcecode.swift; path = TooltipView.swift; sourceTree = "<group>"; };
		B491873025D62AA800859B76 /* AssetsPickerView.swift */ = {isa = PBXFileReference; lastKnownFileType = sourcecode.swift; path = AssetsPickerView.swift; sourceTree = "<group>"; };
		B491873425D63E7700859B76 /* CarouselView.swift */ = {isa = PBXFileReference; lastKnownFileType = sourcecode.swift; path = CarouselView.swift; sourceTree = "<group>"; };
		BE750C8B9DAFDB9F761824F4 /* Pods-Slate iOS (macOS).release.xcconfig */ = {isa = PBXFileReference; includeInIndex = 1; lastKnownFileType = text.xcconfig; name = "Pods-Slate iOS (macOS).release.xcconfig"; path = "Target Support Files/Pods-Slate iOS (macOS)/Pods-Slate iOS (macOS).release.xcconfig"; sourceTree = "<group>"; };
		DED2468AD54078F8B449536E /* Pods_Slate_iOS__macOS_.framework */ = {isa = PBXFileReference; explicitFileType = wrapper.framework; includeInIndex = 0; path = Pods_Slate_iOS__macOS_.framework; sourceTree = BUILT_PRODUCTS_DIR; };
/* End PBXFileReference section */

/* Begin PBXFrameworksBuildPhase section */
		B436659E25BA395C00C3AEBD /* Frameworks */ = {
			isa = PBXFrameworksBuildPhase;
			buildActionMask = 2147483647;
			files = (
				B4410EE325BF6C9F00030284 /* SwiftyJSON in Frameworks */,
				B48AE38625D35C9C006FA245 /* Starscream in Frameworks */,
				245C5E92D814A2394E7B93D8 /* Pods_Slate_iOS__iOS_.framework in Frameworks */,
			);
			runOnlyForDeploymentPostprocessing = 0;
		};
		B43665A625BA395C00C3AEBD /* Frameworks */ = {
			isa = PBXFrameworksBuildPhase;
			buildActionMask = 2147483647;
			files = (
				C36D80E2C72A9E04B0FF2DB0 /* Pods_Slate_iOS__macOS_.framework in Frameworks */,
			);
			runOnlyForDeploymentPostprocessing = 0;
		};
/* End PBXFrameworksBuildPhase section */

/* Begin PBXGroup section */
		2346A75FDEA14DDA1D89958A /* Pods */ = {
			isa = PBXGroup;
			children = (
				613FD322DB7FFC6A875BED29 /* Pods-Slate iOS (iOS).debug.xcconfig */,
				8CA50FCFFC7EA72467D58F47 /* Pods-Slate iOS (iOS).release.xcconfig */,
				9EA0B74C5F9E873B1FE07341 /* Pods-Slate iOS (macOS).debug.xcconfig */,
				BE750C8B9DAFDB9F761824F4 /* Pods-Slate iOS (macOS).release.xcconfig */,
			);
			path = Pods;
			sourceTree = "<group>";
		};
		A79211DD1AE9DD1673D9CD55 /* Frameworks */ = {
			isa = PBXGroup;
			children = (
				4EB8ACE22489270AD99037D9 /* Pods_Slate_iOS__iOS_.framework */,
				DED2468AD54078F8B449536E /* Pods_Slate_iOS__macOS_.framework */,
			);
			name = Frameworks;
			sourceTree = "<group>";
		};
		B436659425BA395900C3AEBD = {
			isa = PBXGroup;
			children = (
				B436659925BA395900C3AEBD /* Shared */,
				B43665A325BA395C00C3AEBD /* iOS */,
				B43665AA25BA395C00C3AEBD /* macOS */,
				B43665A225BA395C00C3AEBD /* Products */,
				2346A75FDEA14DDA1D89958A /* Pods */,
				A79211DD1AE9DD1673D9CD55 /* Frameworks */,
			);
			sourceTree = "<group>";
		};
		B436659925BA395900C3AEBD /* Shared */ = {
			isa = PBXGroup;
			children = (
				B43665FA25BB883E00C3AEBD /* Common */,
				B43665F625BB882100C3AEBD /* Views */,
				B43665DA25BA532100C3AEBD /* Styles */,
				B436659A25BA395900C3AEBD /* Slate_iOSApp.swift */,
				B436660925BB979C00C3AEBD /* AlertMessage.swift */,
				B4410EF625BFACF500030284 /* User.swift */,
				B435675425DB5BD400704B8F /* Upload.swift */,
				B435675A25DC6ADF00704B8F /* Activity.swift */,
				B4593CE225C351BF00345013 /* Slate.swift */,
				B48AE38925D35CBD006FA245 /* Websocket.swift */,
				B43665E325BA54D600C3AEBD /* Inter.ttf */,
				B436659C25BA395C00C3AEBD /* Assets.xcassets */,
				B43665CB25BA4BC500C3AEBD /* Colors.xcassets */,
			);
			path = Shared;
			sourceTree = "<group>";
		};
		B43665A225BA395C00C3AEBD /* Products */ = {
			isa = PBXGroup;
			children = (
				B43665A125BA395C00C3AEBD /* Slate iOS.app */,
				B43665A925BA395C00C3AEBD /* Slate iOS.app */,
			);
			name = Products;
			sourceTree = "<group>";
		};
		B43665A325BA395C00C3AEBD /* iOS */ = {
			isa = PBXGroup;
			children = (
				B43665A425BA395C00C3AEBD /* Info.plist */,
			);
			path = iOS;
			sourceTree = "<group>";
		};
		B43665AA25BA395C00C3AEBD /* macOS */ = {
			isa = PBXGroup;
			children = (
				B43665AB25BA395C00C3AEBD /* Info.plist */,
				B43665AC25BA395C00C3AEBD /* macOS.entitlements */,
			);
			path = macOS;
			sourceTree = "<group>";
		};
		B43665CF25BA529D00C3AEBD /* Components */ = {
			isa = PBXGroup;
			children = (
				B43665EA25BA574200C3AEBD /* ButtonView.swift */,
				B491873425D63E7700859B76 /* CarouselView.swift */,
				B435678725E60F4E00704B8F /* CustomScrollView.swift */,
				B48AE36425CF3A85006FA245 /* TabGroupView.swift */,
				B48AE3AD25D47E35006FA245 /* ToggleView.swift */,
				B435678325E5E69E00704B8F /* DocumentPickerView.swift */,
				B491873025D62AA800859B76 /* AssetsPickerView.swift */,
				B48AE36C25CF899C006FA245 /* LoaderView.swift */,
				B48AE35725CB8969006FA245 /* NavigationBarView.swift */,
				B48AE36825CF7509006FA245 /* EmptyStateView.swift */,
				B48AE2CD25C51029006FA245 /* SlatePreviewView.swift */,
				B48AE3B125D49E7D006FA245 /* RadioButtonView.swift */,
				B48AE2D525C8BE56006FA245 /* FiletypeIconView.swift */,
				B48AE3B525D4A71D006FA245 /* TooltipView.swift */,
				B48AE2C525C4EB73006FA245 /* TranslucentButtonView.swift */,
				B48AE2C925C4FBD9006FA245 /* PageOverlayView.swift */,
				B43665EE25BA64E200C3AEBD /* InputView.swift */,
				B48AE35325CB6923006FA245 /* TextBoxView.swift */,
				B436661125BB9C6100C3AEBD /* CheckBoxView.swift */,
				B4593CE625C3A33600345013 /* MediaPreviewView.swift */,
				B4593CEA25C3A84800345013 /* ImageView.swift */,
			);
			path = Components;
			sourceTree = "<group>";
		};
		B43665DA25BA532100C3AEBD /* Styles */ = {
			isa = PBXGroup;
			children = (
				B43665DB25BA534200C3AEBD /* ComponentStyles.swift */,
				B48AE2C125C4E4C6006FA245 /* Blur.swift */,
			);
			path = Styles;
			sourceTree = "<group>";
		};
		B43665F625BB882100C3AEBD /* Views */ = {
			isa = PBXGroup;
			children = (
				B436659B25BA395900C3AEBD /* ContentView.swift */,
				B43665C725BA416500C3AEBD /* SignInView.swift */,
				B48AE2B025C4CCC7006FA245 /* UserView.swift */,
				B48AE36025CF372B006FA245 /* ProfileView.swift */,
				B48AE38025D32DC1006FA245 /* ProfilePeersView.swift */,
				B48AE2B425C4CCD5006FA245 /* FilecoinView.swift */,
				B48AE2AC25C4CCB6006FA245 /* ActivityView.swift */,
				B4410EEE25BFA20900030284 /* DataView.swift */,
				B48AE2D125C54675006FA245 /* SlateView.swift */,
				B48AE3A925D47D04006FA245 /* SlateCreateEditView.swift */,
				B48AE2A825C4CC3D006FA245 /* SlatesView.swift */,
				B43665CF25BA529D00C3AEBD /* Components */,
			);
			path = Views;
			sourceTree = "<group>";
		};
		B43665FA25BB883E00C3AEBD /* Common */ = {
			isa = PBXGroup;
			children = (
				B43665F225BB663C00C3AEBD /* Strings.swift */,
				B43665DF25BA537B00C3AEBD /* Constants.swift */,
				B43665FB25BB884F00C3AEBD /* Helpers.swift */,
				B436660D25BB98E100C3AEBD /* Validations.swift */,
				B4593CF225C3AC9C00345013 /* Utilities.swift */,
				B4410EF225BFA5DF00030284 /* Errors.swift */,
				B436661525BBB5D000C3AEBD /* Actions.swift */,
				B435678B25E86C0C00704B8F /* Uploads.swift */,
				B4410EE625BF767900030284 /* Environment.swift */,
				B4410EEA25BF9F6900030284 /* Navigation.swift */,
			);
			path = Common;
			sourceTree = "<group>";
		};
/* End PBXGroup section */

/* Begin PBXNativeTarget section */
		B43665A025BA395C00C3AEBD /* Slate iOS (iOS) */ = {
			isa = PBXNativeTarget;
			buildConfigurationList = B43665B525BA395C00C3AEBD /* Build configuration list for PBXNativeTarget "Slate iOS (iOS)" */;
			buildPhases = (
				BE043C2DF8F960AF1A2AA028 /* [CP] Check Pods Manifest.lock */,
				B436659D25BA395C00C3AEBD /* Sources */,
				B436659E25BA395C00C3AEBD /* Frameworks */,
				B436659F25BA395C00C3AEBD /* Resources */,
				086885FED56A9F7C012B4E99 /* [CP] Embed Pods Frameworks */,
			);
			buildRules = (
			);
			dependencies = (
			);
			name = "Slate iOS (iOS)";
			packageProductDependencies = (
				B4410EE225BF6C9F00030284 /* SwiftyJSON */,
				B48AE38525D35C9C006FA245 /* Starscream */,
			);
			productName = "Slate iOS (iOS)";
			productReference = B43665A125BA395C00C3AEBD /* Slate iOS.app */;
			productType = "com.apple.product-type.application";
		};
		B43665A825BA395C00C3AEBD /* Slate iOS (macOS) */ = {
			isa = PBXNativeTarget;
			buildConfigurationList = B43665B825BA395C00C3AEBD /* Build configuration list for PBXNativeTarget "Slate iOS (macOS)" */;
			buildPhases = (
				E992A629C84A7A97A5B0F663 /* [CP] Check Pods Manifest.lock */,
				B43665A525BA395C00C3AEBD /* Sources */,
				B43665A625BA395C00C3AEBD /* Frameworks */,
				B43665A725BA395C00C3AEBD /* Resources */,
			);
			buildRules = (
			);
			dependencies = (
			);
			name = "Slate iOS (macOS)";
			productName = "Slate iOS (macOS)";
			productReference = B43665A925BA395C00C3AEBD /* Slate iOS.app */;
			productType = "com.apple.product-type.application";
		};
/* End PBXNativeTarget section */

/* Begin PBXProject section */
		B436659525BA395900C3AEBD /* Project object */ = {
			isa = PBXProject;
			attributes = {
				LastSwiftUpdateCheck = 1230;
				LastUpgradeCheck = 1230;
				TargetAttributes = {
					B43665A025BA395C00C3AEBD = {
						CreatedOnToolsVersion = 12.3;
					};
					B43665A825BA395C00C3AEBD = {
						CreatedOnToolsVersion = 12.3;
					};
				};
			};
			buildConfigurationList = B436659825BA395900C3AEBD /* Build configuration list for PBXProject "Slate iOS" */;
			compatibilityVersion = "Xcode 9.3";
			developmentRegion = en;
			hasScannedForEncodings = 0;
			knownRegions = (
				en,
				Base,
			);
			mainGroup = B436659425BA395900C3AEBD;
			packageReferences = (
				B4410EE125BF6C9F00030284 /* XCRemoteSwiftPackageReference "SwiftyJSON" */,
				B48AE38425D35C9C006FA245 /* XCRemoteSwiftPackageReference "Starscream" */,
			);
			productRefGroup = B43665A225BA395C00C3AEBD /* Products */;
			projectDirPath = "";
			projectRoot = "";
			targets = (
				B43665A025BA395C00C3AEBD /* Slate iOS (iOS) */,
				B43665A825BA395C00C3AEBD /* Slate iOS (macOS) */,
			);
		};
/* End PBXProject section */

/* Begin PBXResourcesBuildPhase section */
		B436659F25BA395C00C3AEBD /* Resources */ = {
			isa = PBXResourcesBuildPhase;
			buildActionMask = 2147483647;
			files = (
				B43665E425BA55D200C3AEBD /* Inter.ttf in Resources */,
				B43665B125BA395C00C3AEBD /* Assets.xcassets in Resources */,
				B43665CC25BA4BC500C3AEBD /* Colors.xcassets in Resources */,
			);
			runOnlyForDeploymentPostprocessing = 0;
		};
		B43665A725BA395C00C3AEBD /* Resources */ = {
			isa = PBXResourcesBuildPhase;
			buildActionMask = 2147483647;
			files = (
				B43665B225BA395C00C3AEBD /* Assets.xcassets in Resources */,
				B43665E725BA55D300C3AEBD /* Inter.ttf in Resources */,
			);
			runOnlyForDeploymentPostprocessing = 0;
		};
/* End PBXResourcesBuildPhase section */

/* Begin PBXShellScriptBuildPhase section */
		086885FED56A9F7C012B4E99 /* [CP] Embed Pods Frameworks */ = {
			isa = PBXShellScriptBuildPhase;
			buildActionMask = 2147483647;
			files = (
			);
			inputFileListPaths = (
				"${PODS_ROOT}/Target Support Files/Pods-Slate iOS (iOS)/Pods-Slate iOS (iOS)-frameworks-${CONFIGURATION}-input-files.xcfilelist",
			);
			name = "[CP] Embed Pods Frameworks";
			outputFileListPaths = (
				"${PODS_ROOT}/Target Support Files/Pods-Slate iOS (iOS)/Pods-Slate iOS (iOS)-frameworks-${CONFIGURATION}-output-files.xcfilelist",
			);
			runOnlyForDeploymentPostprocessing = 0;
			shellPath = /bin/sh;
			shellScript = "\"${PODS_ROOT}/Target Support Files/Pods-Slate iOS (iOS)/Pods-Slate iOS (iOS)-frameworks.sh\"\n";
			showEnvVarsInLog = 0;
		};
		BE043C2DF8F960AF1A2AA028 /* [CP] Check Pods Manifest.lock */ = {
			isa = PBXShellScriptBuildPhase;
			buildActionMask = 2147483647;
			files = (
			);
			inputFileListPaths = (
			);
			inputPaths = (
				"${PODS_PODFILE_DIR_PATH}/Podfile.lock",
				"${PODS_ROOT}/Manifest.lock",
			);
			name = "[CP] Check Pods Manifest.lock";
			outputFileListPaths = (
			);
			outputPaths = (
				"$(DERIVED_FILE_DIR)/Pods-Slate iOS (iOS)-checkManifestLockResult.txt",
			);
			runOnlyForDeploymentPostprocessing = 0;
			shellPath = /bin/sh;
			shellScript = "diff \"${PODS_PODFILE_DIR_PATH}/Podfile.lock\" \"${PODS_ROOT}/Manifest.lock\" > /dev/null\nif [ $? != 0 ] ; then\n    # print error to STDERR\n    echo \"error: The sandbox is not in sync with the Podfile.lock. Run 'pod install' or update your CocoaPods installation.\" >&2\n    exit 1\nfi\n# This output is used by Xcode 'outputs' to avoid re-running this script phase.\necho \"SUCCESS\" > \"${SCRIPT_OUTPUT_FILE_0}\"\n";
			showEnvVarsInLog = 0;
		};
		E992A629C84A7A97A5B0F663 /* [CP] Check Pods Manifest.lock */ = {
			isa = PBXShellScriptBuildPhase;
			buildActionMask = 2147483647;
			files = (
			);
			inputFileListPaths = (
			);
			inputPaths = (
				"${PODS_PODFILE_DIR_PATH}/Podfile.lock",
				"${PODS_ROOT}/Manifest.lock",
			);
			name = "[CP] Check Pods Manifest.lock";
			outputFileListPaths = (
			);
			outputPaths = (
				"$(DERIVED_FILE_DIR)/Pods-Slate iOS (macOS)-checkManifestLockResult.txt",
			);
			runOnlyForDeploymentPostprocessing = 0;
			shellPath = /bin/sh;
			shellScript = "diff \"${PODS_PODFILE_DIR_PATH}/Podfile.lock\" \"${PODS_ROOT}/Manifest.lock\" > /dev/null\nif [ $? != 0 ] ; then\n    # print error to STDERR\n    echo \"error: The sandbox is not in sync with the Podfile.lock. Run 'pod install' or update your CocoaPods installation.\" >&2\n    exit 1\nfi\n# This output is used by Xcode 'outputs' to avoid re-running this script phase.\necho \"SUCCESS\" > \"${SCRIPT_OUTPUT_FILE_0}\"\n";
			showEnvVarsInLog = 0;
		};
/* End PBXShellScriptBuildPhase section */

/* Begin PBXSourcesBuildPhase section */
		B436659D25BA395C00C3AEBD /* Sources */ = {
			isa = PBXSourcesBuildPhase;
			buildActionMask = 2147483647;
			files = (
				B43665E025BA537B00C3AEBD /* Constants.swift in Sources */,
				B436661625BBB5D100C3AEBD /* Actions.swift in Sources */,
				B48AE3B225D49E7D006FA245 /* RadioButtonView.swift in Sources */,
				B48AE3AA25D47D05006FA245 /* SlateCreateEditView.swift in Sources */,
				B491873125D62AA800859B76 /* AssetsPickerView.swift in Sources */,
				B435675525DB5BD400704B8F /* Upload.swift in Sources */,
				B435675B25DC6ADF00704B8F /* Activity.swift in Sources */,
				B48AE2B125C4CCC7006FA245 /* UserView.swift in Sources */,
				B43665EF25BA64E200C3AEBD /* InputView.swift in Sources */,
				B48AE36925CF7509006FA245 /* EmptyStateView.swift in Sources */,
				B4410EE725BF767900030284 /* Environment.swift in Sources */,
				B48AE2CA25C4FBD9006FA245 /* PageOverlayView.swift in Sources */,
				B48AE36D25CF899C006FA245 /* LoaderView.swift in Sources */,
				B43665F325BB663D00C3AEBD /* Strings.swift in Sources */,
				B48AE2C225C4E4C6006FA245 /* Blur.swift in Sources */,
				B48AE36525CF3A85006FA245 /* TabGroupView.swift in Sources */,
				B48AE2AD25C4CCB6006FA245 /* ActivityView.swift in Sources */,
				B43665C825BA416500C3AEBD /* SignInView.swift in Sources */,
				B43665FC25BB884F00C3AEBD /* Helpers.swift in Sources */,
				B43665EB25BA574200C3AEBD /* ButtonView.swift in Sources */,
				B48AE36125CF372C006FA245 /* ProfileView.swift in Sources */,
				B48AE3B625D4A71D006FA245 /* TooltipView.swift in Sources */,
				B436660A25BB979C00C3AEBD /* AlertMessage.swift in Sources */,
				B48AE38A25D35CBD006FA245 /* Websocket.swift in Sources */,
				B491873525D63E7700859B76 /* CarouselView.swift in Sources */,
				B48AE2C625C4EB73006FA245 /* TranslucentButtonView.swift in Sources */,
				B4593CEB25C3A84800345013 /* ImageView.swift in Sources */,
				B48AE2CE25C51029006FA245 /* SlatePreviewView.swift in Sources */,
				B4593CE325C351BF00345013 /* Slate.swift in Sources */,
				B48AE38125D32DC1006FA245 /* ProfilePeersView.swift in Sources */,
				B48AE2B525C4CCD5006FA245 /* FilecoinView.swift in Sources */,
				B436661225BB9C6100C3AEBD /* CheckBoxView.swift in Sources */,
				B435678425E5E69E00704B8F /* DocumentPickerView.swift in Sources */,
				B48AE2A925C4CC3D006FA245 /* SlatesView.swift in Sources */,
				B4593CE725C3A33600345013 /* MediaPreviewView.swift in Sources */,
				B43665AF25BA395C00C3AEBD /* ContentView.swift in Sources */,
				B48AE2D225C54675006FA245 /* SlateView.swift in Sources */,
				B48AE2D625C8BE56006FA245 /* FiletypeIconView.swift in Sources */,
				B4593CF325C3AC9D00345013 /* Utilities.swift in Sources */,
				B43665AD25BA395C00C3AEBD /* Slate_iOSApp.swift in Sources */,
				B4410EEB25BF9F6900030284 /* Navigation.swift in Sources */,
				B48AE3AE25D47E35006FA245 /* ToggleView.swift in Sources */,
				B435678C25E86C0D00704B8F /* Uploads.swift in Sources */,
				B4410EF325BFA5DF00030284 /* Errors.swift in Sources */,
				B48AE35825CB8969006FA245 /* NavigationBarView.swift in Sources */,
				B435678825E60F4E00704B8F /* CustomScrollView.swift in Sources */,
				B4410EF725BFACF500030284 /* User.swift in Sources */,
				B48AE35425CB6923006FA245 /* TextBoxView.swift in Sources */,
				B436660E25BB98E100C3AEBD /* Validations.swift in Sources */,
				B4410EEF25BFA20900030284 /* DataView.swift in Sources */,
				B43665DC25BA534200C3AEBD /* ComponentStyles.swift in Sources */,
			);
			runOnlyForDeploymentPostprocessing = 0;
		};
		B43665A525BA395C00C3AEBD /* Sources */ = {
			isa = PBXSourcesBuildPhase;
			buildActionMask = 2147483647;
			files = (
				B43665F725BB883000C3AEBD /* SignInView.swift in Sources */,
				B43665B025BA395C00C3AEBD /* ContentView.swift in Sources */,
				B43665AE25BA395C00C3AEBD /* Slate_iOSApp.swift in Sources */,
			);
			runOnlyForDeploymentPostprocessing = 0;
		};
/* End PBXSourcesBuildPhase section */

/* Begin XCBuildConfiguration section */
		B43665B325BA395C00C3AEBD /* Debug */ = {
			isa = XCBuildConfiguration;
			buildSettings = {
				ALWAYS_SEARCH_USER_PATHS = NO;
				CLANG_ANALYZER_NONNULL = YES;
				CLANG_ANALYZER_NUMBER_OBJECT_CONVERSION = YES_AGGRESSIVE;
				CLANG_CXX_LANGUAGE_STANDARD = "gnu++14";
				CLANG_CXX_LIBRARY = "libc++";
				CLANG_ENABLE_MODULES = YES;
				CLANG_ENABLE_OBJC_ARC = YES;
				CLANG_ENABLE_OBJC_WEAK = YES;
				CLANG_WARN_BLOCK_CAPTURE_AUTORELEASING = YES;
				CLANG_WARN_BOOL_CONVERSION = YES;
				CLANG_WARN_COMMA = YES;
				CLANG_WARN_CONSTANT_CONVERSION = YES;
				CLANG_WARN_DEPRECATED_OBJC_IMPLEMENTATIONS = YES;
				CLANG_WARN_DIRECT_OBJC_ISA_USAGE = YES_ERROR;
				CLANG_WARN_DOCUMENTATION_COMMENTS = YES;
				CLANG_WARN_EMPTY_BODY = YES;
				CLANG_WARN_ENUM_CONVERSION = YES;
				CLANG_WARN_INFINITE_RECURSION = YES;
				CLANG_WARN_INT_CONVERSION = YES;
				CLANG_WARN_NON_LITERAL_NULL_CONVERSION = YES;
				CLANG_WARN_OBJC_IMPLICIT_RETAIN_SELF = YES;
				CLANG_WARN_OBJC_LITERAL_CONVERSION = YES;
				CLANG_WARN_OBJC_ROOT_CLASS = YES_ERROR;
				CLANG_WARN_QUOTED_INCLUDE_IN_FRAMEWORK_HEADER = YES;
				CLANG_WARN_RANGE_LOOP_ANALYSIS = YES;
				CLANG_WARN_STRICT_PROTOTYPES = YES;
				CLANG_WARN_SUSPICIOUS_MOVE = YES;
				CLANG_WARN_UNGUARDED_AVAILABILITY = YES_AGGRESSIVE;
				CLANG_WARN_UNREACHABLE_CODE = YES;
				CLANG_WARN__DUPLICATE_METHOD_MATCH = YES;
				COPY_PHASE_STRIP = NO;
				DEBUG_INFORMATION_FORMAT = dwarf;
				ENABLE_STRICT_OBJC_MSGSEND = YES;
				ENABLE_TESTABILITY = YES;
				GCC_C_LANGUAGE_STANDARD = gnu11;
				GCC_DYNAMIC_NO_PIC = NO;
				GCC_NO_COMMON_BLOCKS = YES;
				GCC_OPTIMIZATION_LEVEL = 0;
				GCC_PREPROCESSOR_DEFINITIONS = (
					"DEBUG=1",
					"$(inherited)",
				);
				GCC_WARN_64_TO_32_BIT_CONVERSION = YES;
				GCC_WARN_ABOUT_RETURN_TYPE = YES_ERROR;
				GCC_WARN_UNDECLARED_SELECTOR = YES;
				GCC_WARN_UNINITIALIZED_AUTOS = YES_AGGRESSIVE;
				GCC_WARN_UNUSED_FUNCTION = YES;
				GCC_WARN_UNUSED_VARIABLE = YES;
				MTL_ENABLE_DEBUG_INFO = INCLUDE_SOURCE;
				MTL_FAST_MATH = YES;
				ONLY_ACTIVE_ARCH = YES;
				SWIFT_ACTIVE_COMPILATION_CONDITIONS = DEBUG;
				SWIFT_OPTIMIZATION_LEVEL = "-Onone";
			};
			name = Debug;
		};
		B43665B425BA395C00C3AEBD /* Release */ = {
			isa = XCBuildConfiguration;
			buildSettings = {
				ALWAYS_SEARCH_USER_PATHS = NO;
				CLANG_ANALYZER_NONNULL = YES;
				CLANG_ANALYZER_NUMBER_OBJECT_CONVERSION = YES_AGGRESSIVE;
				CLANG_CXX_LANGUAGE_STANDARD = "gnu++14";
				CLANG_CXX_LIBRARY = "libc++";
				CLANG_ENABLE_MODULES = YES;
				CLANG_ENABLE_OBJC_ARC = YES;
				CLANG_ENABLE_OBJC_WEAK = YES;
				CLANG_WARN_BLOCK_CAPTURE_AUTORELEASING = YES;
				CLANG_WARN_BOOL_CONVERSION = YES;
				CLANG_WARN_COMMA = YES;
				CLANG_WARN_CONSTANT_CONVERSION = YES;
				CLANG_WARN_DEPRECATED_OBJC_IMPLEMENTATIONS = YES;
				CLANG_WARN_DIRECT_OBJC_ISA_USAGE = YES_ERROR;
				CLANG_WARN_DOCUMENTATION_COMMENTS = YES;
				CLANG_WARN_EMPTY_BODY = YES;
				CLANG_WARN_ENUM_CONVERSION = YES;
				CLANG_WARN_INFINITE_RECURSION = YES;
				CLANG_WARN_INT_CONVERSION = YES;
				CLANG_WARN_NON_LITERAL_NULL_CONVERSION = YES;
				CLANG_WARN_OBJC_IMPLICIT_RETAIN_SELF = YES;
				CLANG_WARN_OBJC_LITERAL_CONVERSION = YES;
				CLANG_WARN_OBJC_ROOT_CLASS = YES_ERROR;
				CLANG_WARN_QUOTED_INCLUDE_IN_FRAMEWORK_HEADER = YES;
				CLANG_WARN_RANGE_LOOP_ANALYSIS = YES;
				CLANG_WARN_STRICT_PROTOTYPES = YES;
				CLANG_WARN_SUSPICIOUS_MOVE = YES;
				CLANG_WARN_UNGUARDED_AVAILABILITY = YES_AGGRESSIVE;
				CLANG_WARN_UNREACHABLE_CODE = YES;
				CLANG_WARN__DUPLICATE_METHOD_MATCH = YES;
				COPY_PHASE_STRIP = NO;
				DEBUG_INFORMATION_FORMAT = "dwarf-with-dsym";
				ENABLE_NS_ASSERTIONS = NO;
				ENABLE_STRICT_OBJC_MSGSEND = YES;
				GCC_C_LANGUAGE_STANDARD = gnu11;
				GCC_NO_COMMON_BLOCKS = YES;
				GCC_WARN_64_TO_32_BIT_CONVERSION = YES;
				GCC_WARN_ABOUT_RETURN_TYPE = YES_ERROR;
				GCC_WARN_UNDECLARED_SELECTOR = YES;
				GCC_WARN_UNINITIALIZED_AUTOS = YES_AGGRESSIVE;
				GCC_WARN_UNUSED_FUNCTION = YES;
				GCC_WARN_UNUSED_VARIABLE = YES;
				MTL_ENABLE_DEBUG_INFO = NO;
				MTL_FAST_MATH = YES;
				SWIFT_COMPILATION_MODE = wholemodule;
				SWIFT_OPTIMIZATION_LEVEL = "-O";
			};
			name = Release;
		};
		B43665B625BA395C00C3AEBD /* Debug */ = {
			isa = XCBuildConfiguration;
			baseConfigurationReference = 613FD322DB7FFC6A875BED29 /* Pods-Slate iOS (iOS).debug.xcconfig */;
			buildSettings = {
				ASSETCATALOG_COMPILER_APPICON_NAME = AppIcon;
				ASSETCATALOG_COMPILER_GLOBAL_ACCENT_COLOR_NAME = AccentColor;
				CODE_SIGN_STYLE = Automatic;
				DEVELOPMENT_TEAM = 7W9KPZGKW2;
				ENABLE_PREVIEWS = YES;
				INFOPLIST_FILE = iOS/Info.plist;
				IPHONEOS_DEPLOYMENT_TARGET = 14.0;
				LD_RUNPATH_SEARCH_PATHS = (
					"$(inherited)",
					"@executable_path/Frameworks",
				);
				PRODUCT_BUNDLE_IDENTIFIER = "Martina-Long.Slate-iOS";
				PRODUCT_NAME = "Slate iOS";
				RESOURCE_URI_PUBSUB = "ws://192.168.86.162:6464";
				RESOURCE_URI_SEARCH = "http://192.168.86.162:1313";
				RESOURCE_URI_SERVER = "http://192.168.86.162:1337";
				RESOURCE_URI_UPLOAD = "http://192.168.86.162:4242";
				SDKROOT = iphoneos;
				SWIFT_VERSION = 5.0;
				TARGETED_DEVICE_FAMILY = "1,2";
			};
			name = Debug;
		};
		B43665B725BA395C00C3AEBD /* Release */ = {
			isa = XCBuildConfiguration;
			baseConfigurationReference = 8CA50FCFFC7EA72467D58F47 /* Pods-Slate iOS (iOS).release.xcconfig */;
			buildSettings = {
				ASSETCATALOG_COMPILER_APPICON_NAME = AppIcon;
				ASSETCATALOG_COMPILER_GLOBAL_ACCENT_COLOR_NAME = AccentColor;
				CODE_SIGN_STYLE = Automatic;
				DEVELOPMENT_TEAM = 7W9KPZGKW2;
				ENABLE_PREVIEWS = YES;
				INFOPLIST_FILE = iOS/Info.plist;
				IPHONEOS_DEPLOYMENT_TARGET = 14.0;
				LD_RUNPATH_SEARCH_PATHS = (
					"$(inherited)",
					"@executable_path/Frameworks",
				);
				PRODUCT_BUNDLE_IDENTIFIER = "Martina-Long.Slate-iOS";
				PRODUCT_NAME = "Slate iOS";
				RESOURCE_URI_PUBSUB = "wss://fiji.onrender.com";
				RESOURCE_URI_SEARCH = "https://lens.slate.host";
				RESOURCE_URI_SERVER = "https://slate.host";
				RESOURCE_URI_UPLOAD = "https://slate-api.onrender.com";
				SDKROOT = iphoneos;
				SWIFT_VERSION = 5.0;
				TARGETED_DEVICE_FAMILY = "1,2";
				VALIDATE_PRODUCT = YES;
			};
			name = Release;
		};
		B43665B925BA395C00C3AEBD /* Debug */ = {
			isa = XCBuildConfiguration;
			baseConfigurationReference = 9EA0B74C5F9E873B1FE07341 /* Pods-Slate iOS (macOS).debug.xcconfig */;
			buildSettings = {
				ASSETCATALOG_COMPILER_APPICON_NAME = AppIcon;
				ASSETCATALOG_COMPILER_GLOBAL_ACCENT_COLOR_NAME = AccentColor;
				CODE_SIGN_ENTITLEMENTS = macOS/macOS.entitlements;
				CODE_SIGN_STYLE = Automatic;
				COMBINE_HIDPI_IMAGES = YES;
				DEVELOPMENT_TEAM = 7W9KPZGKW2;
				ENABLE_HARDENED_RUNTIME = YES;
				ENABLE_PREVIEWS = YES;
				INFOPLIST_FILE = macOS/Info.plist;
				LD_RUNPATH_SEARCH_PATHS = (
					"$(inherited)",
					"@executable_path/../Frameworks",
				);
				MACOSX_DEPLOYMENT_TARGET = 11.0;
				PRODUCT_BUNDLE_IDENTIFIER = "Martina-Long.Slate-iOS";
				PRODUCT_NAME = "Slate iOS";
				SDKROOT = macosx;
				SWIFT_VERSION = 5.0;
			};
			name = Debug;
		};
		B43665BA25BA395C00C3AEBD /* Release */ = {
			isa = XCBuildConfiguration;
			baseConfigurationReference = BE750C8B9DAFDB9F761824F4 /* Pods-Slate iOS (macOS).release.xcconfig */;
			buildSettings = {
				ASSETCATALOG_COMPILER_APPICON_NAME = AppIcon;
				ASSETCATALOG_COMPILER_GLOBAL_ACCENT_COLOR_NAME = AccentColor;
				CODE_SIGN_ENTITLEMENTS = macOS/macOS.entitlements;
				CODE_SIGN_STYLE = Automatic;
				COMBINE_HIDPI_IMAGES = YES;
				DEVELOPMENT_TEAM = 7W9KPZGKW2;
				ENABLE_HARDENED_RUNTIME = YES;
				ENABLE_PREVIEWS = YES;
				INFOPLIST_FILE = macOS/Info.plist;
				LD_RUNPATH_SEARCH_PATHS = (
					"$(inherited)",
					"@executable_path/../Frameworks",
				);
				MACOSX_DEPLOYMENT_TARGET = 11.0;
				PRODUCT_BUNDLE_IDENTIFIER = "Martina-Long.Slate-iOS";
				PRODUCT_NAME = "Slate iOS";
				SDKROOT = macosx;
				SWIFT_VERSION = 5.0;
			};
			name = Release;
		};
/* End XCBuildConfiguration section */

/* Begin XCConfigurationList section */
		B436659825BA395900C3AEBD /* Build configuration list for PBXProject "Slate iOS" */ = {
			isa = XCConfigurationList;
			buildConfigurations = (
				B43665B325BA395C00C3AEBD /* Debug */,
				B43665B425BA395C00C3AEBD /* Release */,
			);
			defaultConfigurationIsVisible = 0;
			defaultConfigurationName = Release;
		};
		B43665B525BA395C00C3AEBD /* Build configuration list for PBXNativeTarget "Slate iOS (iOS)" */ = {
			isa = XCConfigurationList;
			buildConfigurations = (
				B43665B625BA395C00C3AEBD /* Debug */,
				B43665B725BA395C00C3AEBD /* Release */,
			);
			defaultConfigurationIsVisible = 0;
			defaultConfigurationName = Release;
		};
		B43665B825BA395C00C3AEBD /* Build configuration list for PBXNativeTarget "Slate iOS (macOS)" */ = {
			isa = XCConfigurationList;
			buildConfigurations = (
				B43665B925BA395C00C3AEBD /* Debug */,
				B43665BA25BA395C00C3AEBD /* Release */,
			);
			defaultConfigurationIsVisible = 0;
			defaultConfigurationName = Release;
		};
/* End XCConfigurationList section */

/* Begin XCRemoteSwiftPackageReference section */
		B4410EE125BF6C9F00030284 /* XCRemoteSwiftPackageReference "SwiftyJSON" */ = {
			isa = XCRemoteSwiftPackageReference;
			repositoryURL = "https://github.com/SwiftyJSON/SwiftyJSON.git";
			requirement = {
				kind = upToNextMajorVersion;
				minimumVersion = 5.0.0;
			};
		};
		B48AE38425D35C9C006FA245 /* XCRemoteSwiftPackageReference "Starscream" */ = {
			isa = XCRemoteSwiftPackageReference;
			repositoryURL = "https://github.com/daltoniam/Starscream";
			requirement = {
				kind = upToNextMajorVersion;
				minimumVersion = 4.0.4;
			};
		};
/* End XCRemoteSwiftPackageReference section */

/* Begin XCSwiftPackageProductDependency section */
		B4410EE225BF6C9F00030284 /* SwiftyJSON */ = {
			isa = XCSwiftPackageProductDependency;
			package = B4410EE125BF6C9F00030284 /* XCRemoteSwiftPackageReference "SwiftyJSON" */;
			productName = SwiftyJSON;
		};
		B48AE38525D35C9C006FA245 /* Starscream */ = {
			isa = XCSwiftPackageProductDependency;
			package = B48AE38425D35C9C006FA245 /* XCRemoteSwiftPackageReference "Starscream" */;
			productName = Starscream;
		};
/* End XCSwiftPackageProductDependency section */
	};
	rootObject = B436659525BA395900C3AEBD /* Project object */;
}
